
Microsoft Visual Studio Solution File, Format Version 9.00
# Visual Studio 2005
Project("{FAE04EC0-301F-11D3-BF4B-00C04F79EFBC}") = "Timekeeping", "Timekeeping\Timekeeping.csproj", "{29457A0A-7066-42CA-BE1E-B4EA8D00CD31}"
EndProject
Global
	GlobalSection(SolutionConfigurationPlatforms) = preSolution
		Debug|Any CPU = Debug|Any CPU
		Release|Any CPU = Release|Any CPU
	EndGlobalSection
	GlobalSection(ProjectConfigurationPlatforms) = postSolution
		{29457A0A-7066-42CA-BE1E-B4EA8D00CD31}.Debug|Any CPU.ActiveCfg = Debug|Any CPU
		{29457A0A-7066-42CA-BE1E-B4EA8D00CD31}.Debug|Any CPU.Build.0 = Debug|Any CPU
		{29457A0A-7066-42CA-BE1E-B4EA8D00CD31}.Release|Any CPU.ActiveCfg = Release|Any CPU
		{29457A0A-7066-42CA-BE1E-B4EA8D00CD31}.Release|Any CPU.Build.0 = Release|Any CPU
	EndGlobalSection
	GlobalSection(SolutionProperties) = preSolution
		HideSolutionNode = FALSE
	EndGlobalSection
EndGlobal
